
Microsoft Visual Studio Solution File, Format Version 12.00
# Visual Studio Version 16
VisualStudioVersion = 16.0.29905.134
MinimumVisualStudioVersion = 10.0.40219.1
Project("{FAE04EC0-301F-11D3-BF4B-00C04F79EFBC}") = "OnlineShop", "OnlineShop\OnlineShop.csproj", "{563BCAC0-347A-4739-B6D7-B44B7859EF0B}"
EndProject
Global
	GlobalSection(SolutionConfigurationPlatforms) = preSolution
		Debug|Any CPU = Debug|Any CPU
		Release|Any CPU = Release|Any CPU
	EndGlobalSection
	GlobalSection(ProjectConfigurationPlatforms) = postSolution
		{563BCAC0-347A-4739-B6D7-B44B7859EF0B}.Debug|Any CPU.ActiveCfg = Debug|Any CPU
		{563BCAC0-347A-4739-B6D7-B44B7859EF0B}.Debug|Any CPU.Build.0 = Debug|Any CPU
		{563BCAC0-347A-4739-B6D7-B44B7859EF0B}.Release|Any CPU.ActiveCfg = Release|Any CPU
		{563BCAC0-347A-4739-B6D7-B44B7859EF0B}.Release|Any CPU.Build.0 = Release|Any CPU
	EndGlobalSection
	GlobalSection(SolutionProperties) = preSolution
		HideSolutionNode = FALSE
	EndGlobalSection
	GlobalSection(ExtensibilityGlobals) = postSolution
		SolutionGuid = {5C79CD15-BDF8-4C77-9105-C19AADCB8E8E}
	EndGlobalSection
EndGlobal
